
Microsoft Visual Studio Solution File, Format Version 12.00
# Visual Studio 2017
Project("{FAE04EC0-301F-11D3-BF4B-00C04F79EFBC}") = "UC7", "UC7.csproj", "{1F223326-BB02-CA4B-5DB6-3028A93C0902}"
EndProject
Global
	GlobalSection(SolutionConfigurationPlatforms) = preSolution
		Debug|Any CPU = Debug|Any CPU
		Release|Any CPU = Release|Any CPU
	EndGlobalSection
	GlobalSection(ProjectConfigurationPlatforms) = postSolution
		{1F223326-BB02-CA4B-5DB6-3028A93C0902}.Debug|Any CPU.ActiveCfg = Debug|Any CPU
		{1F223326-BB02-CA4B-5DB6-3028A93C0902}.Debug|Any CPU.Build.0 = Debug|Any CPU
		{1F223326-BB02-CA4B-5DB6-3028A93C0902}.Release|Any CPU.ActiveCfg = Release|Any CPU
		{1F223326-BB02-CA4B-5DB6-3028A93C0902}.Release|Any CPU.Build.0 = Release|Any CPU
	EndGlobalSection
	GlobalSection(SolutionProperties) = preSolution
		HideSolutionNode = FALSE
	EndGlobalSection
EndGlobal
